
Microsoft Visual Studio Solution File, Format Version 12.00
# Visual Studio 14
VisualStudioVersion = 14.0.25420.1
MinimumVisualStudioVersion = 10.0.40219.1
Project("{FAE04EC0-301F-11D3-BF4B-00C04F79EFBC}") = "TestFlaskAddin", "TestFlaskAddin\TestFlaskAddin.csproj", "{C3578A7B-09A6-4444-9383-0DEAFA4958BD}"
EndProject
Project("{FAE04EC0-301F-11D3-BF4B-00C04F79EFBC}") = "TestFlaskAddin.Tests", "TestFlaskAddin.Tests\TestFlaskAddin.Tests.csproj", "{5A86453B-96FB-4B6E-A283-225BB9F753D3}"
EndProject
Project("{FAE04EC0-301F-11D3-BF4B-00C04F79EFBC}") = "Nuget", "NuGet\Nuget.csproj", "{63786CE5-D899-43DF-AD4E-C2CA3BAC3FC2}"
	ProjectSection(ProjectDependencies) = postProject
		{C3578A7B-09A6-4444-9383-0DEAFA4958BD} = {C3578A7B-09A6-4444-9383-0DEAFA4958BD}
	EndProjectSection
EndProject
Project("{FAE04EC0-301F-11D3-BF4B-00C04F79EFBC}") = "AssemblyToProcess", "AssemblyToProcess\AssemblyToProcess.csproj", "{E97E649F-B703-47E3-B18A-0871D3498742}"
EndProject
Project("{FAE04EC0-301F-11D3-BF4B-00C04F79EFBC}") = "TestFlask.Aspects", "TestFlask.Aspects\TestFlask.Aspects.csproj", "{BA64CDC3-47BD-4987-9E9E-FC1A61DDF070}"
EndProject
Project("{2150E333-8FDC-42A3-9474-1A3956D46DE8}") = "Addin", "Addin", "{395BBBBF-F60D-4651-A7C7-B62282D199D3}"
EndProject
Project("{2150E333-8FDC-42A3-9474-1A3956D46DE8}") = "API", "API", "{F0539223-5D05-499F-907D-C9BED56F3C01}"
EndProject
Project("{FAE04EC0-301F-11D3-BF4B-00C04F79EFBC}") = "TestFlask.API", "TestFlask.API\TestFlask.API.csproj", "{AD9FBF14-C621-48B5-9AE0-653A96F10E31}"
EndProject
Project("{2150E333-8FDC-42A3-9474-1A3956D46DE8}") = "Core", "Core", "{771A066F-490A-4ABC-BF77-4B6D5C431B4F}"
EndProject
Project("{2150E333-8FDC-42A3-9474-1A3956D46DE8}") = "Tests", "Tests", "{C2B085A0-E94C-4519-8EB4-18D47E1C4586}"
EndProject
Project("{FAE04EC0-301F-11D3-BF4B-00C04F79EFBC}") = "TestFlask.Models", "TestFlask.Models\TestFlask.Models.csproj", "{950E37CD-2C68-4B4E-9137-F82E696DC52C}"
EndProject
Project("{FAE04EC0-301F-11D3-BF4B-00C04F79EFBC}") = "TestFlask.Data", "TestFlask.Data\TestFlask.Data.csproj", "{B81C2B9C-4F4D-4BDD-950B-75BE24F8A30F}"
EndProject
Project("{FAE04EC0-301F-11D3-BF4B-00C04F79EFBC}") = "TestFlask.API.Tests", "TestFlask.API.Tests\TestFlask.API.Tests.csproj", "{1608760A-100B-4A26-BA01-7F8C7F102FAF}"
EndProject
Project("{2150E333-8FDC-42A3-9474-1A3956D46DE8}") = "Assistant", "Assistant", "{F064E206-E941-4043-A0DB-0A11C17EF9E2}"
EndProject
Project("{FAE04EC0-301F-11D3-BF4B-00C04F79EFBC}") = "TestFlask.Assistant.Mvc", "TestFlask.Assistant.Mvc\TestFlask.Assistant.Mvc.csproj", "{7D792397-F283-47B1-A611-5E2086D335B4}"
EndProject
Project("{FAE04EC0-301F-11D3-BF4B-00C04F79EFBC}") = "TestFlask.Assistant.Core", "TestFlask.Assistant.Core\TestFlask.Assistant.Core.csproj", "{FD9E1DBB-4CA8-4357-8AE1-D3CF0C975D08}"
EndProject
Project("{2150E333-8FDC-42A3-9474-1A3956D46DE8}") = "Tests", "Tests", "{0A4C3C2B-F6F1-48CB-99E7-008DE13517E7}"
EndProject
Project("{2150E333-8FDC-42A3-9474-1A3956D46DE8}") = "Tests", "Tests", "{A2EBE235-06F4-4CD5-9B04-7845F2FE8FDF}"
EndProject
Project("{FAE04EC0-301F-11D3-BF4B-00C04F79EFBC}") = "TestFlask.Aspects.Tests", "TestFlask.Aspects.Tests\TestFlask.Aspects.Tests.csproj", "{B9405C8E-AD45-4FB0-93ED-76568EA254FE}"
EndProject
Project("{2150E333-8FDC-42A3-9474-1A3956D46DE8}") = "CLI", "CLI", "{C7616A89-EA5E-4506-82F6-A73F5725E799}"
EndProject
Project("{FAE04EC0-301F-11D3-BF4B-00C04F79EFBC}") = "TestFlask.CLI", "TestFlask.CLI\TestFlask.CLI.csproj", "{B2C77285-4CC5-4253-8393-37ACA2643DE3}"
EndProject
Global
	GlobalSection(SolutionConfigurationPlatforms) = preSolution
		Debug|Any CPU = Debug|Any CPU
		Debug|x86 = Debug|x86
		Release|Any CPU = Release|Any CPU
		Release|x86 = Release|x86
	EndGlobalSection
	GlobalSection(ProjectConfigurationPlatforms) = postSolution
		{C3578A7B-09A6-4444-9383-0DEAFA4958BD}.Debug|Any CPU.ActiveCfg = Debug|Any CPU
		{C3578A7B-09A6-4444-9383-0DEAFA4958BD}.Debug|Any CPU.Build.0 = Debug|Any CPU
		{C3578A7B-09A6-4444-9383-0DEAFA4958BD}.Debug|x86.ActiveCfg = Debug|Any CPU
		{C3578A7B-09A6-4444-9383-0DEAFA4958BD}.Release|Any CPU.ActiveCfg = Release|Any CPU
		{C3578A7B-09A6-4444-9383-0DEAFA4958BD}.Release|Any CPU.Build.0 = Release|Any CPU
		{C3578A7B-09A6-4444-9383-0DEAFA4958BD}.Release|x86.ActiveCfg = Release|Any CPU
		{5A86453B-96FB-4B6E-A283-225BB9F753D3}.Debug|Any CPU.ActiveCfg = Debug|Any CPU
		{5A86453B-96FB-4B6E-A283-225BB9F753D3}.Debug|Any CPU.Build.0 = Debug|Any CPU
		{5A86453B-96FB-4B6E-A283-225BB9F753D3}.Debug|x86.ActiveCfg = Debug|Any CPU
		{5A86453B-96FB-4B6E-A283-225BB9F753D3}.Release|Any CPU.ActiveCfg = Release|Any CPU
		{5A86453B-96FB-4B6E-A283-225BB9F753D3}.Release|Any CPU.Build.0 = Release|Any CPU
		{5A86453B-96FB-4B6E-A283-225BB9F753D3}.Release|x86.ActiveCfg = Release|Any CPU
		{63786CE5-D899-43DF-AD4E-C2CA3BAC3FC2}.Debug|Any CPU.ActiveCfg = Debug|Any CPU
		{63786CE5-D899-43DF-AD4E-C2CA3BAC3FC2}.Debug|Any CPU.Build.0 = Debug|Any CPU
		{63786CE5-D899-43DF-AD4E-C2CA3BAC3FC2}.Debug|x86.ActiveCfg = Debug|Any CPU
		{63786CE5-D899-43DF-AD4E-C2CA3BAC3FC2}.Release|Any CPU.ActiveCfg = Release|Any CPU
		{63786CE5-D899-43DF-AD4E-C2CA3BAC3FC2}.Release|Any CPU.Build.0 = Release|Any CPU
		{63786CE5-D899-43DF-AD4E-C2CA3BAC3FC2}.Release|x86.ActiveCfg = Release|Any CPU
		{E97E649F-B703-47E3-B18A-0871D3498742}.Debug|Any CPU.ActiveCfg = Debug|Any CPU
		{E97E649F-B703-47E3-B18A-0871D3498742}.Debug|Any CPU.Build.0 = Debug|Any CPU
		{E97E649F-B703-47E3-B18A-0871D3498742}.Debug|x86.ActiveCfg = Debug|Any CPU
		{E97E649F-B703-47E3-B18A-0871D3498742}.Release|Any CPU.ActiveCfg = Release|Any CPU
		{E97E649F-B703-47E3-B18A-0871D3498742}.Release|Any CPU.Build.0 = Release|Any CPU
		{E97E649F-B703-47E3-B18A-0871D3498742}.Release|x86.ActiveCfg = Release|Any CPU
		{BA64CDC3-47BD-4987-9E9E-FC1A61DDF070}.Debug|Any CPU.ActiveCfg = Debug|Any CPU
		{BA64CDC3-47BD-4987-9E9E-FC1A61DDF070}.Debug|Any CPU.Build.0 = Debug|Any CPU
		{BA64CDC3-47BD-4987-9E9E-FC1A61DDF070}.Debug|x86.ActiveCfg = Debug|Any CPU
		{BA64CDC3-47BD-4987-9E9E-FC1A61DDF070}.Debug|x86.Build.0 = Debug|Any CPU
		{BA64CDC3-47BD-4987-9E9E-FC1A61DDF070}.Release|Any CPU.ActiveCfg = Release|Any CPU
		{BA64CDC3-47BD-4987-9E9E-FC1A61DDF070}.Release|Any CPU.Build.0 = Release|Any CPU
		{BA64CDC3-47BD-4987-9E9E-FC1A61DDF070}.Release|x86.ActiveCfg = Release|Any CPU
		{BA64CDC3-47BD-4987-9E9E-FC1A61DDF070}.Release|x86.Build.0 = Release|Any CPU
		{AD9FBF14-C621-48B5-9AE0-653A96F10E31}.Debug|Any CPU.ActiveCfg = Debug|Any CPU
		{AD9FBF14-C621-48B5-9AE0-653A96F10E31}.Debug|Any CPU.Build.0 = Debug|Any CPU
		{AD9FBF14-C621-48B5-9AE0-653A96F10E31}.Debug|x86.ActiveCfg = Debug|Any CPU
		{AD9FBF14-C621-48B5-9AE0-653A96F10E31}.Debug|x86.Build.0 = Debug|Any CPU
		{AD9FBF14-C621-48B5-9AE0-653A96F10E31}.Release|Any CPU.ActiveCfg = Release|Any CPU
		{AD9FBF14-C621-48B5-9AE0-653A96F10E31}.Release|Any CPU.Build.0 = Release|Any CPU
		{AD9FBF14-C621-48B5-9AE0-653A96F10E31}.Release|x86.ActiveCfg = Release|Any CPU
		{AD9FBF14-C621-48B5-9AE0-653A96F10E31}.Release|x86.Build.0 = Release|Any CPU
		{950E37CD-2C68-4B4E-9137-F82E696DC52C}.Debug|Any CPU.ActiveCfg = Debug|Any CPU
		{950E37CD-2C68-4B4E-9137-F82E696DC52C}.Debug|Any CPU.Build.0 = Debug|Any CPU
		{950E37CD-2C68-4B4E-9137-F82E696DC52C}.Debug|x86.ActiveCfg = Debug|Any CPU
		{950E37CD-2C68-4B4E-9137-F82E696DC52C}.Debug|x86.Build.0 = Debug|Any CPU
		{950E37CD-2C68-4B4E-9137-F82E696DC52C}.Release|Any CPU.ActiveCfg = Release|Any CPU
		{950E37CD-2C68-4B4E-9137-F82E696DC52C}.Release|Any CPU.Build.0 = Release|Any CPU
		{950E37CD-2C68-4B4E-9137-F82E696DC52C}.Release|x86.ActiveCfg = Release|Any CPU
		{950E37CD-2C68-4B4E-9137-F82E696DC52C}.Release|x86.Build.0 = Release|Any CPU
		{B81C2B9C-4F4D-4BDD-950B-75BE24F8A30F}.Debug|Any CPU.ActiveCfg = Debug|Any CPU
		{B81C2B9C-4F4D-4BDD-950B-75BE24F8A30F}.Debug|Any CPU.Build.0 = Debug|Any CPU
		{B81C2B9C-4F4D-4BDD-950B-75BE24F8A30F}.Debug|x86.ActiveCfg = Debug|Any CPU
		{B81C2B9C-4F4D-4BDD-950B-75BE24F8A30F}.Debug|x86.Build.0 = Debug|Any CPU
		{B81C2B9C-4F4D-4BDD-950B-75BE24F8A30F}.Release|Any CPU.ActiveCfg = Release|Any CPU
		{B81C2B9C-4F4D-4BDD-950B-75BE24F8A30F}.Release|Any CPU.Build.0 = Release|Any CPU
		{B81C2B9C-4F4D-4BDD-950B-75BE24F8A30F}.Release|x86.ActiveCfg = Release|Any CPU
		{B81C2B9C-4F4D-4BDD-950B-75BE24F8A30F}.Release|x86.Build.0 = Release|Any CPU
		{1608760A-100B-4A26-BA01-7F8C7F102FAF}.Debug|Any CPU.ActiveCfg = Debug|Any CPU
		{1608760A-100B-4A26-BA01-7F8C7F102FAF}.Debug|Any CPU.Build.0 = Debug|Any CPU
		{1608760A-100B-4A26-BA01-7F8C7F102FAF}.Debug|x86.ActiveCfg = Debug|Any CPU
		{1608760A-100B-4A26-BA01-7F8C7F102FAF}.Debug|x86.Build.0 = Debug|Any CPU
		{1608760A-100B-4A26-BA01-7F8C7F102FAF}.Release|Any CPU.ActiveCfg = Release|Any CPU
		{1608760A-100B-4A26-BA01-7F8C7F102FAF}.Release|Any CPU.Build.0 = Release|Any CPU
		{1608760A-100B-4A26-BA01-7F8C7F102FAF}.Release|x86.ActiveCfg = Release|Any CPU
		{1608760A-100B-4A26-BA01-7F8C7F102FAF}.Release|x86.Build.0 = Release|Any CPU
		{7D792397-F283-47B1-A611-5E2086D335B4}.Debug|Any CPU.ActiveCfg = Debug|Any CPU
		{7D792397-F283-47B1-A611-5E2086D335B4}.Debug|Any CPU.Build.0 = Debug|Any CPU
		{7D792397-F283-47B1-A611-5E2086D335B4}.Debug|x86.ActiveCfg = Debug|Any CPU
		{7D792397-F283-47B1-A611-5E2086D335B4}.Debug|x86.Build.0 = Debug|Any CPU
		{7D792397-F283-47B1-A611-5E2086D335B4}.Release|Any CPU.ActiveCfg = Release|Any CPU
		{7D792397-F283-47B1-A611-5E2086D335B4}.Release|Any CPU.Build.0 = Release|Any CPU
		{7D792397-F283-47B1-A611-5E2086D335B4}.Release|x86.ActiveCfg = Release|Any CPU
		{7D792397-F283-47B1-A611-5E2086D335B4}.Release|x86.Build.0 = Release|Any CPU
		{FD9E1DBB-4CA8-4357-8AE1-D3CF0C975D08}.Debug|Any CPU.ActiveCfg = Debug|Any CPU
		{FD9E1DBB-4CA8-4357-8AE1-D3CF0C975D08}.Debug|Any CPU.Build.0 = Debug|Any CPU
		{FD9E1DBB-4CA8-4357-8AE1-D3CF0C975D08}.Debug|x86.ActiveCfg = Debug|Any CPU
		{FD9E1DBB-4CA8-4357-8AE1-D3CF0C975D08}.Debug|x86.Build.0 = Debug|Any CPU
		{FD9E1DBB-4CA8-4357-8AE1-D3CF0C975D08}.Release|Any CPU.ActiveCfg = Release|Any CPU
		{FD9E1DBB-4CA8-4357-8AE1-D3CF0C975D08}.Release|Any CPU.Build.0 = Release|Any CPU
		{FD9E1DBB-4CA8-4357-8AE1-D3CF0C975D08}.Release|x86.ActiveCfg = Release|Any CPU
		{FD9E1DBB-4CA8-4357-8AE1-D3CF0C975D08}.Release|x86.Build.0 = Release|Any CPU
		{B9405C8E-AD45-4FB0-93ED-76568EA254FE}.Debug|Any CPU.ActiveCfg = Debug|Any CPU
		{B9405C8E-AD45-4FB0-93ED-76568EA254FE}.Debug|Any CPU.Build.0 = Debug|Any CPU
		{B9405C8E-AD45-4FB0-93ED-76568EA254FE}.Debug|x86.ActiveCfg = Debug|Any CPU
		{B9405C8E-AD45-4FB0-93ED-76568EA254FE}.Debug|x86.Build.0 = Debug|Any CPU
		{B9405C8E-AD45-4FB0-93ED-76568EA254FE}.Release|Any CPU.ActiveCfg = Release|Any CPU
		{B9405C8E-AD45-4FB0-93ED-76568EA254FE}.Release|Any CPU.Build.0 = Release|Any CPU
		{B9405C8E-AD45-4FB0-93ED-76568EA254FE}.Release|x86.ActiveCfg = Release|Any CPU
		{B9405C8E-AD45-4FB0-93ED-76568EA254FE}.Release|x86.Build.0 = Release|Any CPU
		{B2C77285-4CC5-4253-8393-37ACA2643DE3}.Debug|Any CPU.ActiveCfg = Debug|Any CPU
		{B2C77285-4CC5-4253-8393-37ACA2643DE3}.Debug|Any CPU.Build.0 = Debug|Any CPU
		{B2C77285-4CC5-4253-8393-37ACA2643DE3}.Debug|x86.ActiveCfg = Debug|Any CPU
		{B2C77285-4CC5-4253-8393-37ACA2643DE3}.Debug|x86.Build.0 = Debug|Any CPU
		{B2C77285-4CC5-4253-8393-37ACA2643DE3}.Release|Any CPU.ActiveCfg = Release|Any CPU
		{B2C77285-4CC5-4253-8393-37ACA2643DE3}.Release|Any CPU.Build.0 = Release|Any CPU
		{B2C77285-4CC5-4253-8393-37ACA2643DE3}.Release|x86.ActiveCfg = Release|Any CPU
		{B2C77285-4CC5-4253-8393-37ACA2643DE3}.Release|x86.Build.0 = Release|Any CPU
	EndGlobalSection
	GlobalSection(SolutionProperties) = preSolution
		HideSolutionNode = FALSE
	EndGlobalSection
	GlobalSection(NestedProjects) = preSolution
		{C3578A7B-09A6-4444-9383-0DEAFA4958BD} = {395BBBBF-F60D-4651-A7C7-B62282D199D3}
		{5A86453B-96FB-4B6E-A283-225BB9F753D3} = {C2B085A0-E94C-4519-8EB4-18D47E1C4586}
		{63786CE5-D899-43DF-AD4E-C2CA3BAC3FC2} = {395BBBBF-F60D-4651-A7C7-B62282D199D3}
		{E97E649F-B703-47E3-B18A-0871D3498742} = {C2B085A0-E94C-4519-8EB4-18D47E1C4586}
		{BA64CDC3-47BD-4987-9E9E-FC1A61DDF070} = {771A066F-490A-4ABC-BF77-4B6D5C431B4F}
		{AD9FBF14-C621-48B5-9AE0-653A96F10E31} = {F0539223-5D05-499F-907D-C9BED56F3C01}
		{C2B085A0-E94C-4519-8EB4-18D47E1C4586} = {395BBBBF-F60D-4651-A7C7-B62282D199D3}
		{950E37CD-2C68-4B4E-9137-F82E696DC52C} = {771A066F-490A-4ABC-BF77-4B6D5C431B4F}
		{B81C2B9C-4F4D-4BDD-950B-75BE24F8A30F} = {771A066F-490A-4ABC-BF77-4B6D5C431B4F}
		{1608760A-100B-4A26-BA01-7F8C7F102FAF} = {A2EBE235-06F4-4CD5-9B04-7845F2FE8FDF}
		{7D792397-F283-47B1-A611-5E2086D335B4} = {F064E206-E941-4043-A0DB-0A11C17EF9E2}
		{FD9E1DBB-4CA8-4357-8AE1-D3CF0C975D08} = {F064E206-E941-4043-A0DB-0A11C17EF9E2}
		{0A4C3C2B-F6F1-48CB-99E7-008DE13517E7} = {771A066F-490A-4ABC-BF77-4B6D5C431B4F}
		{A2EBE235-06F4-4CD5-9B04-7845F2FE8FDF} = {F0539223-5D05-499F-907D-C9BED56F3C01}
		{B9405C8E-AD45-4FB0-93ED-76568EA254FE} = {0A4C3C2B-F6F1-48CB-99E7-008DE13517E7}
		{B2C77285-4CC5-4253-8393-37ACA2643DE3} = {C7616A89-EA5E-4506-82F6-A73F5725E799}
	EndGlobalSection
	GlobalSection(ExtensibilityGlobals) = postSolution
		SolutionGuid = {D054B8BC-600B-46CA-B032-1BBAA8115F95}
	EndGlobalSection
EndGlobal
